// !$*UTF8*$!
{
	archiveVersion = 1;
	classes = {
	};
	objectVersion = 50;
	objects = {

/* Begin PBXBuildFile section */
		F47DC1F0244D593E00640974 /* AppDelegate.swift in Sources */ = {isa = PBXBuildFile; fileRef = F47DC1EF244D593E00640974 /* AppDelegate.swift */; };
		F47DC1F2244D593E00640974 /* SceneDelegate.swift in Sources */ = {isa = PBXBuildFile; fileRef = F47DC1F1244D593E00640974 /* SceneDelegate.swift */; };
		F47DC1F7244D593E00640974 /* Main.storyboard in Resources */ = {isa = PBXBuildFile; fileRef = F47DC1F5244D593E00640974 /* Main.storyboard */; };
		F47DC1F9244D593F00640974 /* Assets.xcassets in Resources */ = {isa = PBXBuildFile; fileRef = F47DC1F8244D593F00640974 /* Assets.xcassets */; };
		F47DC1FC244D593F00640974 /* LaunchScreen.storyboard in Resources */ = {isa = PBXBuildFile; fileRef = F47DC1FA244D593F00640974 /* LaunchScreen.storyboard */; };
		F4853510244D5F560001451A /* PlayerTableViewCell.xib in Resources */ = {isa = PBXBuildFile; fileRef = F485350E244D5F560001451A /* PlayerTableViewCell.xib */; };
		F4853512244D62AF0001451A /* TopPlayerViewController.swift in Sources */ = {isa = PBXBuildFile; fileRef = F4853511244D62AF0001451A /* TopPlayerViewController.swift */; };
		F4853514244D62E40001451A /* PlayerDetailViewController.swift in Sources */ = {isa = PBXBuildFile; fileRef = F4853513244D62E40001451A /* PlayerDetailViewController.swift */; };
		F4853516244D62EE0001451A /* MyProfileViewController.swift in Sources */ = {isa = PBXBuildFile; fileRef = F4853515244D62EE0001451A /* MyProfileViewController.swift */; };
		F4853518244D684E0001451A /* PlayerTableViewCell.swift in Sources */ = {isa = PBXBuildFile; fileRef = F4853517244D684E0001451A /* PlayerTableViewCell.swift */; };
		F485351A244D68FC0001451A /* PlayerModel.swift in Sources */ = {isa = PBXBuildFile; fileRef = F4853519244D68FC0001451A /* PlayerModel.swift */; };
		F485351E244D69760001451A /* PlayersDummy.swift in Sources */ = {isa = PBXBuildFile; fileRef = F485351D244D69760001451A /* PlayersDummy.swift */; };
		F4E35847244D9031008E5E4A /* detail.png in Resources */ = {isa = PBXBuildFile; fileRef = F4E35844244D9030008E5E4A /* detail.png */; };
		F4E35848244D9031008E5E4A /* topList.png in Resources */ = {isa = PBXBuildFile; fileRef = F4E35845244D9030008E5E4A /* topList.png */; };
		F4E35849244D9031008E5E4A /* me.png in Resources */ = {isa = PBXBuildFile; fileRef = F4E35846244D9031008E5E4A /* me.png */; };
/* End PBXBuildFile section */

/* Begin PBXFileReference section */
		F47DC1EC244D593E00640974 /* football-dicoding.app */ = {isa = PBXFileReference; explicitFileType = wrapper.application; includeInIndex = 0; path = "football-dicoding.app"; sourceTree = BUILT_PRODUCTS_DIR; };
		F47DC1EF244D593E00640974 /* AppDelegate.swift */ = {isa = PBXFileReference; lastKnownFileType = sourcecode.swift; path = AppDelegate.swift; sourceTree = "<group>"; };
		F47DC1F1244D593E00640974 /* SceneDelegate.swift */ = {isa = PBXFileReference; lastKnownFileType = sourcecode.swift; path = SceneDelegate.swift; sourceTree = "<group>"; };
		F47DC1F6244D593E00640974 /* Base */ = {isa = PBXFileReference; lastKnownFileType = file.storyboard; name = Base; path = Base.lproj/Main.storyboard; sourceTree = "<group>"; };
		F47DC1F8244D593F00640974 /* Assets.xcassets */ = {isa = PBXFileReference; lastKnownFileType = folder.assetcatalog; path = Assets.xcassets; sourceTree = "<group>"; };
		F47DC1FB244D593F00640974 /* Base */ = {isa = PBXFileReference; lastKnownFileType = file.storyboard; name = Base; path = Base.lproj/LaunchScreen.storyboard; sourceTree = "<group>"; };
		F47DC1FD244D593F00640974 /* Info.plist */ = {isa = PBXFileReference; lastKnownFileType = text.plist.xml; path = Info.plist; sourceTree = "<group>"; };
		F485350E244D5F560001451A /* PlayerTableViewCell.xib */ = {isa = PBXFileReference; lastKnownFileType = file.xib; path = PlayerTableViewCell.xib; sourceTree = "<group>"; };
		F4853511244D62AF0001451A /* TopPlayerViewController.swift */ = {isa = PBXFileReference; lastKnownFileType = sourcecode.swift; path = TopPlayerViewController.swift; sourceTree = "<group>"; };
		F4853513244D62E40001451A /* PlayerDetailViewController.swift */ = {isa = PBXFileReference; lastKnownFileType = sourcecode.swift; path = PlayerDetailViewController.swift; sourceTree = "<group>"; };
		F4853515244D62EE0001451A /* MyProfileViewController.swift */ = {isa = PBXFileReference; lastKnownFileType = sourcecode.swift; path = MyProfileViewController.swift; sourceTree = "<group>"; };
		F4853517244D684E0001451A /* PlayerTableViewCell.swift */ = {isa = PBXFileReference; lastKnownFileType = sourcecode.swift; path = PlayerTableViewCell.swift; sourceTree = "<group>"; };
		F4853519244D68FC0001451A /* PlayerModel.swift */ = {isa = PBXFileReference; lastKnownFileType = sourcecode.swift; name = PlayerModel.swift; path = "football-dicoding/View/TableViewCell/PlayerModel.swift"; sourceTree = SOURCE_ROOT; };
		F485351D244D69760001451A /* PlayersDummy.swift */ = {isa = PBXFileReference; lastKnownFileType = sourcecode.swift; name = PlayersDummy.swift; path = "football-dicoding/View/TableViewCell/PlayersDummy.swift"; sourceTree = SOURCE_ROOT; };
		F4E35844244D9030008E5E4A /* detail.png */ = {isa = PBXFileReference; lastKnownFileType = image.png; path = detail.png; sourceTree = "<group>"; };
		F4E35845244D9030008E5E4A /* topList.png */ = {isa = PBXFileReference; lastKnownFileType = image.png; path = topList.png; sourceTree = "<group>"; };
		F4E35846244D9031008E5E4A /* me.png */ = {isa = PBXFileReference; lastKnownFileType = image.png; path = me.png; sourceTree = "<group>"; };
/* End PBXFileReference section */

/* Begin PBXFrameworksBuildPhase section */
		F47DC1E9244D593E00640974 /* Frameworks */ = {
			isa = PBXFrameworksBuildPhase;
			buildActionMask = 2147483647;
			files = (
			);
			runOnlyForDeploymentPostprocessing = 0;
		};
/* End PBXFrameworksBuildPhase section */

/* Begin PBXGroup section */
		F47DC1E3244D593E00640974 = {
			isa = PBXGroup;
			children = (
				F47DC1EE244D593E00640974 /* football-dicoding */,
				F47DC1ED244D593E00640974 /* Products */,
			);
			sourceTree = "<group>";
		};
		F47DC1ED244D593E00640974 /* Products */ = {
			isa = PBXGroup;
			children = (
				F47DC1EC244D593E00640974 /* football-dicoding.app */,
			);
			name = Products;
			sourceTree = "<group>";
		};
		F47DC1EE244D593E00640974 /* football-dicoding */ = {
			isa = PBXGroup;
			children = (
				F47DC206244D5C0800640974 /* Base */,
				F47DC203244D599500640974 /* Model */,
				F47DC204244D599900640974 /* View */,
				F47DC205244D599C00640974 /* Controller */,
				F4E35843244D901C008E5E4A /* Preview */,
				F47DC1F8244D593F00640974 /* Assets.xcassets */,
				F47DC1FD244D593F00640974 /* Info.plist */,
			);
			path = "football-dicoding";
			sourceTree = "<group>";
		};
		F47DC203244D599500640974 /* Model */ = {
			isa = PBXGroup;
			children = (
				F4853519244D68FC0001451A /* PlayerModel.swift */,
				F485351D244D69760001451A /* PlayersDummy.swift */,
			);
			path = Model;
			sourceTree = "<group>";
		};
		F47DC204244D599900640974 /* View */ = {
			isa = PBXGroup;
			children = (
				F485350C244D5F270001451A /* TableViewCell */,
				F47DC1FA244D593F00640974 /* LaunchScreen.storyboard */,
				F47DC1F5244D593E00640974 /* Main.storyboard */,
			);
			path = View;
			sourceTree = "<group>";
		};
		F47DC205244D599C00640974 /* Controller */ = {
			isa = PBXGroup;
			children = (
				F4853511244D62AF0001451A /* TopPlayerViewController.swift */,
				F4853513244D62E40001451A /* PlayerDetailViewController.swift */,
				F4853515244D62EE0001451A /* MyProfileViewController.swift */,
			);
			path = Controller;
			sourceTree = "<group>";
		};
		F47DC206244D5C0800640974 /* Base */ = {
			isa = PBXGroup;
			children = (
				F47DC1EF244D593E00640974 /* AppDelegate.swift */,
				F47DC1F1244D593E00640974 /* SceneDelegate.swift */,
			);
			path = Base;
			sourceTree = "<group>";
		};
		F485350C244D5F270001451A /* TableViewCell */ = {
			isa = PBXGroup;
			children = (
				F4853517244D684E0001451A /* PlayerTableViewCell.swift */,
				F485350E244D5F560001451A /* PlayerTableViewCell.xib */,
			);
			path = TableViewCell;
			sourceTree = "<group>";
		};
		F4E35843244D901C008E5E4A /* Preview */ = {
			isa = PBXGroup;
			children = (
				F4E35844244D9030008E5E4A /* detail.png */,
				F4E35846244D9031008E5E4A /* me.png */,
				F4E35845244D9030008E5E4A /* topList.png */,
			);
			path = Preview;
			sourceTree = "<group>";
		};
/* End PBXGroup section */

/* Begin PBXNativeTarget section */
		F47DC1EB244D593E00640974 /* football-dicoding */ = {
			isa = PBXNativeTarget;
			buildConfigurationList = F47DC200244D593F00640974 /* Build configuration list for PBXNativeTarget "football-dicoding" */;
			buildPhases = (
				F47DC1E8244D593E00640974 /* Sources */,
				F47DC1E9244D593E00640974 /* Frameworks */,
				F47DC1EA244D593E00640974 /* Resources */,
			);
			buildRules = (
			);
			dependencies = (
			);
			name = "football-dicoding";
			productName = "football-dicoding";
			productReference = F47DC1EC244D593E00640974 /* football-dicoding.app */;
			productType = "com.apple.product-type.application";
		};
/* End PBXNativeTarget section */

/* Begin PBXProject section */
		F47DC1E4244D593E00640974 /* Project object */ = {
			isa = PBXProject;
			attributes = {
				LastSwiftUpdateCheck = 1130;
				LastUpgradeCheck = 1130;
				ORGANIZATIONNAME = "Avendi Sianipar";
				TargetAttributes = {
					F47DC1EB244D593E00640974 = {
						CreatedOnToolsVersion = 11.3.1;
					};
				};
			};
			buildConfigurationList = F47DC1E7244D593E00640974 /* Build configuration list for PBXProject "football-dicoding" */;
			compatibilityVersion = "Xcode 9.3";
			developmentRegion = en;
			hasScannedForEncodings = 0;
			knownRegions = (
				en,
				Base,
			);
			mainGroup = F47DC1E3244D593E00640974;
			productRefGroup = F47DC1ED244D593E00640974 /* Products */;
			projectDirPath = "";
			projectRoot = "";
			targets = (
				F47DC1EB244D593E00640974 /* football-dicoding */,
			);
		};
/* End PBXProject section */

/* Begin PBXResourcesBuildPhase section */
		F47DC1EA244D593E00640974 /* Resources */ = {
			isa = PBXResourcesBuildPhase;
			buildActionMask = 2147483647;
			files = (
				F47DC1FC244D593F00640974 /* LaunchScreen.storyboard in Resources */,
				F4853510244D5F560001451A /* PlayerTableViewCell.xib in Resources */,
				F4E35847244D9031008E5E4A /* detail.png in Resources */,
				F47DC1F9244D593F00640974 /* Assets.xcassets in Resources */,
				F47DC1F7244D593E00640974 /* Main.storyboard in Resources */,
				F4E35848244D9031008E5E4A /* topList.png in Resources */,
				F4E35849244D9031008E5E4A /* me.png in Resources */,
			);
			runOnlyForDeploymentPostprocessing = 0;
		};
/* End PBXResourcesBuildPhase section */

/* Begin PBXSourcesBuildPhase section */
		F47DC1E8244D593E00640974 /* Sources */ = {
			isa = PBXSourcesBuildPhase;
			buildActionMask = 2147483647;
			files = (
				F4853518244D684E0001451A /* PlayerTableViewCell.swift in Sources */,
				F485351E244D69760001451A /* PlayersDummy.swift in Sources */,
				F4853516244D62EE0001451A /* MyProfileViewController.swift in Sources */,
				F47DC1F0244D593E00640974 /* AppDelegate.swift in Sources */,
				F4853512244D62AF0001451A /* TopPlayerViewController.swift in Sources */,
				F4853514244D62E40001451A /* PlayerDetailViewController.swift in Sources */,
				F47DC1F2244D593E00640974 /* SceneDelegate.swift in Sources */,
				F485351A244D68FC0001451A /* PlayerModel.swift in Sources */,
			);
			runOnlyForDeploymentPostprocessing = 0;
		};
/* End PBXSourcesBuildPhase section */

/* Begin PBXVariantGroup section */
		F47DC1F5244D593E00640974 /* Main.storyboard */ = {
			isa = PBXVariantGroup;
			children = (
				F47DC1F6244D593E00640974 /* Base */,
			);
			name = Main.storyboard;
			sourceTree = "<group>";
		};
		F47DC1FA244D593F00640974 /* LaunchScreen.storyboard */ = {
			isa = PBXVariantGroup;
			children = (
				F47DC1FB244D593F00640974 /* Base */,
			);
			name = LaunchScreen.storyboard;
			sourceTree = "<group>";
		};
/* End PBXVariantGroup section */

/* Begin XCBuildConfiguration section */
		F47DC1FE244D593F00640974 /* Debug */ = {
			isa = XCBuildConfiguration;
			buildSettings = {
				ALWAYS_SEARCH_USER_PATHS = NO;
				CLANG_ANALYZER_NONNULL = YES;
				CLANG_ANALYZER_NUMBER_OBJECT_CONVERSION = YES_AGGRESSIVE;
				CLANG_CXX_LANGUAGE_STANDARD = "gnu++14";
				CLANG_CXX_LIBRARY = "libc++";
				CLANG_ENABLE_MODULES = YES;
				CLANG_ENABLE_OBJC_ARC = YES;
				CLANG_ENABLE_OBJC_WEAK = YES;
				CLANG_WARN_BLOCK_CAPTURE_AUTORELEASING = YES;
				CLANG_WARN_BOOL_CONVERSION = YES;
				CLANG_WARN_COMMA = YES;
				CLANG_WARN_CONSTANT_CONVERSION = YES;
				CLANG_WARN_DEPRECATED_OBJC_IMPLEMENTATIONS = YES;
				CLANG_WARN_DIRECT_OBJC_ISA_USAGE = YES_ERROR;
				CLANG_WARN_DOCUMENTATION_COMMENTS = YES;
				CLANG_WARN_EMPTY_BODY = YES;
				CLANG_WARN_ENUM_CONVERSION = YES;
				CLANG_WARN_INFINITE_RECURSION = YES;
				CLANG_WARN_INT_CONVERSION = YES;
				CLANG_WARN_NON_LITERAL_NULL_CONVERSION = YES;
				CLANG_WARN_OBJC_IMPLICIT_RETAIN_SELF = YES;
				CLANG_WARN_OBJC_LITERAL_CONVERSION = YES;
				CLANG_WARN_OBJC_ROOT_CLASS = YES_ERROR;
				CLANG_WARN_RANGE_LOOP_ANALYSIS = YES;
				CLANG_WARN_STRICT_PROTOTYPES = YES;
				CLANG_WARN_SUSPICIOUS_MOVE = YES;
				CLANG_WARN_UNGUARDED_AVAILABILITY = YES_AGGRESSIVE;
				CLANG_WARN_UNREACHABLE_CODE = YES;
				CLANG_WARN__DUPLICATE_METHOD_MATCH = YES;
				COPY_PHASE_STRIP = NO;
				DEBUG_INFORMATION_FORMAT = dwarf;
				ENABLE_STRICT_OBJC_MSGSEND = YES;
				ENABLE_TESTABILITY = YES;
				GCC_C_LANGUAGE_STANDARD = gnu11;
				GCC_DYNAMIC_NO_PIC = NO;
				GCC_NO_COMMON_BLOCKS = YES;
				GCC_OPTIMIZATION_LEVEL = 0;
				GCC_PREPROCESSOR_DEFINITIONS = (
					"DEBUG=1",
					"$(inherited)",
				);
				GCC_WARN_64_TO_32_BIT_CONVERSION = YES;
				GCC_WARN_ABOUT_RETURN_TYPE = YES_ERROR;
				GCC_WARN_UNDECLARED_SELECTOR = YES;
				GCC_WARN_UNINITIALIZED_AUTOS = YES_AGGRESSIVE;
				GCC_WARN_UNUSED_FUNCTION = YES;
				GCC_WARN_UNUSED_VARIABLE = YES;
				IPHONEOS_DEPLOYMENT_TARGET = 13.2;
				MTL_ENABLE_DEBUG_INFO = INCLUDE_SOURCE;
				MTL_FAST_MATH = YES;
				ONLY_ACTIVE_ARCH = YES;
				SDKROOT = iphoneos;
				SWIFT_ACTIVE_COMPILATION_CONDITIONS = DEBUG;
				SWIFT_OPTIMIZATION_LEVEL = "-Onone";
			};
			name = Debug;
		};
		F47DC1FF244D593F00640974 /* Release */ = {
			isa = XCBuildConfiguration;
			buildSettings = {
				ALWAYS_SEARCH_USER_PATHS = NO;
				CLANG_ANALYZER_NONNULL = YES;
				CLANG_ANALYZER_NUMBER_OBJECT_CONVERSION = YES_AGGRESSIVE;
				CLANG_CXX_LANGUAGE_STANDARD = "gnu++14";
				CLANG_CXX_LIBRARY = "libc++";
				CLANG_ENABLE_MODULES = YES;
				CLANG_ENABLE_OBJC_ARC = YES;
				CLANG_ENABLE_OBJC_WEAK = YES;
				CLANG_WARN_BLOCK_CAPTURE_AUTORELEASING = YES;
				CLANG_WARN_BOOL_CONVERSION = YES;
				CLANG_WARN_COMMA = YES;
				CLANG_WARN_CONSTANT_CONVERSION = YES;
				CLANG_WARN_DEPRECATED_OBJC_IMPLEMENTATIONS = YES;
				CLANG_WARN_DIRECT_OBJC_ISA_USAGE = YES_ERROR;
				CLANG_WARN_DOCUMENTATION_COMMENTS = YES;
				CLANG_WARN_EMPTY_BODY = YES;
				CLANG_WARN_ENUM_CONVERSION = YES;
				CLANG_WARN_INFINITE_RECURSION = YES;
				CLANG_WARN_INT_CONVERSION = YES;
				CLANG_WARN_NON_LITERAL_NULL_CONVERSION = YES;
				CLANG_WARN_OBJC_IMPLICIT_RETAIN_SELF = YES;
				CLANG_WARN_OBJC_LITERAL_CONVERSION = YES;
				CLANG_WARN_OBJC_ROOT_CLASS = YES_ERROR;
				CLANG_WARN_RANGE_LOOP_ANALYSIS = YES;
				CLANG_WARN_STRICT_PROTOTYPES = YES;
				CLANG_WARN_SUSPICIOUS_MOVE = YES;
				CLANG_WARN_UNGUARDED_AVAILABILITY = YES_AGGRESSIVE;
				CLANG_WARN_UNREACHABLE_CODE = YES;
				CLANG_WARN__DUPLICATE_METHOD_MATCH = YES;
				COPY_PHASE_STRIP = NO;
				DEBUG_INFORMATION_FORMAT = "dwarf-with-dsym";
				ENABLE_NS_ASSERTIONS = NO;
				ENABLE_STRICT_OBJC_MSGSEND = YES;
				GCC_C_LANGUAGE_STANDARD = gnu11;
				GCC_NO_COMMON_BLOCKS = YES;
				GCC_WARN_64_TO_32_BIT_CONVERSION = YES;
				GCC_WARN_ABOUT_RETURN_TYPE = YES_ERROR;
				GCC_WARN_UNDECLARED_SELECTOR = YES;
				GCC_WARN_UNINITIALIZED_AUTOS = YES_AGGRESSIVE;
				GCC_WARN_UNUSED_FUNCTION = YES;
				GCC_WARN_UNUSED_VARIABLE = YES;
				IPHONEOS_DEPLOYMENT_TARGET = 13.2;
				MTL_ENABLE_DEBUG_INFO = NO;
				MTL_FAST_MATH = YES;
				SDKROOT = iphoneos;
				SWIFT_COMPILATION_MODE = wholemodule;
				SWIFT_OPTIMIZATION_LEVEL = "-O";
				VALIDATE_PRODUCT = YES;
			};
			name = Release;
		};
		F47DC201244D593F00640974 /* Debug */ = {
			isa = XCBuildConfiguration;
			buildSettings = {
				ASSETCATALOG_COMPILER_APPICON_NAME = AppIcon;
				CODE_SIGN_STYLE = Automatic;
				INFOPLIST_FILE = "football-dicoding/Info.plist";
				LD_RUNPATH_SEARCH_PATHS = (
					"$(inherited)",
					"@executable_path/Frameworks",
				);
				PRODUCT_BUNDLE_IDENTIFIER = "com.personal.football-dicoding";
				PRODUCT_NAME = "$(TARGET_NAME)";
				SWIFT_VERSION = 5.0;
				TARGETED_DEVICE_FAMILY = "1,2";
			};
			name = Debug;
		};
		F47DC202244D593F00640974 /* Release */ = {
			isa = XCBuildConfiguration;
			buildSettings = {
				ASSETCATALOG_COMPILER_APPICON_NAME = AppIcon;
				CODE_SIGN_STYLE = Automatic;
				INFOPLIST_FILE = "football-dicoding/Info.plist";
				LD_RUNPATH_SEARCH_PATHS = (
					"$(inherited)",
					"@executable_path/Frameworks",
				);
				PRODUCT_BUNDLE_IDENTIFIER = "com.personal.football-dicoding";
				PRODUCT_NAME = "$(TARGET_NAME)";
				SWIFT_VERSION = 5.0;
				TARGETED_DEVICE_FAMILY = "1,2";
			};
			name = Release;
		};
/* End XCBuildConfiguration section */

/* Begin XCConfigurationList section */
		F47DC1E7244D593E00640974 /* Build configuration list for PBXProject "football-dicoding" */ = {
			isa = XCConfigurationList;
			buildConfigurations = (
				F47DC1FE244D593F00640974 /* Debug */,
				F47DC1FF244D593F00640974 /* Release */,
			);
			defaultConfigurationIsVisible = 0;
			defaultConfigurationName = Release;
		};
		F47DC200244D593F00640974 /* Build configuration list for PBXNativeTarget "football-dicoding" */ = {
			isa = XCConfigurationList;
			buildConfigurations = (
				F47DC201244D593F00640974 /* Debug */,
				F47DC202244D593F00640974 /* Release */,
			);
			defaultConfigurationIsVisible = 0;
			defaultConfigurationName = Release;
		};
/* End XCConfigurationList section */
	};
	rootObject = F47DC1E4244D593E00640974 /* Project object */;
}
